
Microsoft Visual Studio Solution File, Format Version 12.00
Project("{2150E333-8FDC-42A3-9474-1A3956D46DE8}") = "src", "src", "{0FFA141C-F78A-4E56-A471-549D0B49564C}"
EndProject
Project("{2150E333-8FDC-42A3-9474-1A3956D46DE8}") = "tests", "tests", "{23953646-F497-4D2B-9949-D0330447A0D7}"
EndProject
Project("{FAE04EC0-301F-11D3-BF4B-00C04F79EFBC}") = "Library.CSharp.Abstractions", "src\Library.CSharp.Abstractions\Library.CSharp.Abstractions.csproj", "{ADE9CF37-F895-4795-BC35-AC3D5A9AE1FB}"
EndProject
Project("{FAE04EC0-301F-11D3-BF4B-00C04F79EFBC}") = "Library.CSharp.UnitTests", "tests\Library.CSharp.UnitTests\Library.CSharp.UnitTests.csproj", "{9FCC4D09-0BE0-4BCF-87BB-9760EFC466F1}"
EndProject
Project("{FAE04EC0-301F-11D3-BF4B-00C04F79EFBC}") = "Library.CSharp.AcceptanceTests", "tests\Library.CSharp.AcceptanceTests\Library.CSharp.AcceptanceTests.csproj", "{6346CD0D-651A-4B3F-BED8-0259767E9405}"
EndProject
Project("{FAE04EC0-301F-11D3-BF4B-00C04F79EFBC}") = "Library.CSharp", "src\Library.CSharp\Library.CSharp.csproj", "{411B2943-4568-4A63-A33A-08861EE4934E}"
EndProject
Global
	GlobalSection(SolutionConfigurationPlatforms) = preSolution
		Debug|Any CPU = Debug|Any CPU
		Release|Any CPU = Release|Any CPU
	EndGlobalSection
	GlobalSection(ProjectConfigurationPlatforms) = postSolution
		{CE8E2E6A-0860-440C-B208-993D340C9B25}.Debug|Any CPU.ActiveCfg = Debug|Any CPU
		{CE8E2E6A-0860-440C-B208-993D340C9B25}.Debug|Any CPU.Build.0 = Debug|Any CPU
		{CE8E2E6A-0860-440C-B208-993D340C9B25}.Release|Any CPU.ActiveCfg = Release|Any CPU
		{CE8E2E6A-0860-440C-B208-993D340C9B25}.Release|Any CPU.Build.0 = Release|Any CPU
		{1AE69107-40A0-42D1-8553-968A7599B9E9}.Debug|Any CPU.ActiveCfg = Debug|Any CPU
		{1AE69107-40A0-42D1-8553-968A7599B9E9}.Debug|Any CPU.Build.0 = Debug|Any CPU
		{1AE69107-40A0-42D1-8553-968A7599B9E9}.Release|Any CPU.ActiveCfg = Release|Any CPU
		{1AE69107-40A0-42D1-8553-968A7599B9E9}.Release|Any CPU.Build.0 = Release|Any CPU
		{42210ADB-1D32-468D-A913-86CC193972BD}.Debug|Any CPU.ActiveCfg = Debug|Any CPU
		{42210ADB-1D32-468D-A913-86CC193972BD}.Debug|Any CPU.Build.0 = Debug|Any CPU
		{42210ADB-1D32-468D-A913-86CC193972BD}.Release|Any CPU.ActiveCfg = Release|Any CPU
		{42210ADB-1D32-468D-A913-86CC193972BD}.Release|Any CPU.Build.0 = Release|Any CPU
		{ADE9CF37-F895-4795-BC35-AC3D5A9AE1FB}.Debug|Any CPU.ActiveCfg = Debug|Any CPU
		{ADE9CF37-F895-4795-BC35-AC3D5A9AE1FB}.Debug|Any CPU.Build.0 = Debug|Any CPU
		{ADE9CF37-F895-4795-BC35-AC3D5A9AE1FB}.Release|Any CPU.ActiveCfg = Release|Any CPU
		{ADE9CF37-F895-4795-BC35-AC3D5A9AE1FB}.Release|Any CPU.Build.0 = Release|Any CPU
		{9FCC4D09-0BE0-4BCF-87BB-9760EFC466F1}.Debug|Any CPU.ActiveCfg = Debug|Any CPU
		{9FCC4D09-0BE0-4BCF-87BB-9760EFC466F1}.Debug|Any CPU.Build.0 = Debug|Any CPU
		{9FCC4D09-0BE0-4BCF-87BB-9760EFC466F1}.Release|Any CPU.ActiveCfg = Release|Any CPU
		{9FCC4D09-0BE0-4BCF-87BB-9760EFC466F1}.Release|Any CPU.Build.0 = Release|Any CPU
		{6346CD0D-651A-4B3F-BED8-0259767E9405}.Debug|Any CPU.ActiveCfg = Debug|Any CPU
		{6346CD0D-651A-4B3F-BED8-0259767E9405}.Debug|Any CPU.Build.0 = Debug|Any CPU
		{6346CD0D-651A-4B3F-BED8-0259767E9405}.Release|Any CPU.ActiveCfg = Release|Any CPU
		{6346CD0D-651A-4B3F-BED8-0259767E9405}.Release|Any CPU.Build.0 = Release|Any CPU
		{411B2943-4568-4A63-A33A-08861EE4934E}.Debug|Any CPU.ActiveCfg = Debug|Any CPU
		{411B2943-4568-4A63-A33A-08861EE4934E}.Debug|Any CPU.Build.0 = Debug|Any CPU
		{411B2943-4568-4A63-A33A-08861EE4934E}.Release|Any CPU.ActiveCfg = Release|Any CPU
		{411B2943-4568-4A63-A33A-08861EE4934E}.Release|Any CPU.Build.0 = Release|Any CPU
	EndGlobalSection
	GlobalSection(NestedProjects) = preSolution
		{CE8E2E6A-0860-440C-B208-993D340C9B25} = {0FFA141C-F78A-4E56-A471-549D0B49564C}
		{1AE69107-40A0-42D1-8553-968A7599B9E9} = {0FFA141C-F78A-4E56-A471-549D0B49564C}
		{42210ADB-1D32-468D-A913-86CC193972BD} = {23953646-F497-4D2B-9949-D0330447A0D7}
		{ADE9CF37-F895-4795-BC35-AC3D5A9AE1FB} = {0FFA141C-F78A-4E56-A471-549D0B49564C}
		{9FCC4D09-0BE0-4BCF-87BB-9760EFC466F1} = {23953646-F497-4D2B-9949-D0330447A0D7}
		{6346CD0D-651A-4B3F-BED8-0259767E9405} = {23953646-F497-4D2B-9949-D0330447A0D7}
		{411B2943-4568-4A63-A33A-08861EE4934E} = {0FFA141C-F78A-4E56-A471-549D0B49564C}
	EndGlobalSection
EndGlobal
