
Microsoft Visual Studio Solution File, Format Version 12.00
Project("{2150E333-8FDC-42A3-9474-1A3956D46DE8}") = "src", "src", "{9423752F-73C7-4F22-AF57-FD3DA9FAEE90}"
EndProject
Project("{2150E333-8FDC-42A3-9474-1A3956D46DE8}") = "tests", "tests", "{FC6DE146-856A-4791-A4A2-AA3712D1C705}"
EndProject
Project("{2150E333-8FDC-42A3-9474-1A3956D46DE8}") = "command", "command", "{E6E4783F-6ADF-45D5-8DD0-4347D7788AEB}"
EndProject
Project("{2150E333-8FDC-42A3-9474-1A3956D46DE8}") = "query", "query", "{DE095D96-6256-4419-8DE9-D054C4D1CBD0}"
EndProject
Project("{2150E333-8FDC-42A3-9474-1A3956D46DE8}") = "command", "command", "{2EAC2665-3E65-4FED-BB47-556882D4E929}"
EndProject
Project("{2150E333-8FDC-42A3-9474-1A3956D46DE8}") = "query", "query", "{B3CE9029-C3C4-4C33-B5DD-6443E11F3655}"
EndProject
Project("{FAE04EC0-301F-11D3-BF4B-00C04F79EFBC}") = "Microservice.CSharp.Abstractions", "src\Microservice.CSharp.Abstractions\Microservice.CSharp.Abstractions.csproj", "{85F47839-9E00-463F-9343-319653E8A280}"
EndProject
Project("{FAE04EC0-301F-11D3-BF4B-00C04F79EFBC}") = "Microservice.CSharp.QueryingApi", "src\query\Microservice.CSharp.QueryingApi\Microservice.CSharp.QueryingApi.csproj", "{A60A449D-5669-46C0-BF1B-C25750B39907}"
EndProject
Project("{FAE04EC0-301F-11D3-BF4B-00C04F79EFBC}") = "Microservice.CSharp.QueryingCore", "src\query\Microservice.CSharp.QueryingCore\Microservice.CSharp.QueryingCore.csproj", "{DE1D5648-9CAE-4106-8785-8C93BC2CA287}"
EndProject
Project("{FAE04EC0-301F-11D3-BF4B-00C04F79EFBC}") = "Microservice.CSharp.CommandCore", "src\command\Microservice.CSharp.CommandCore\Microservice.CSharp.CommandCore.csproj", "{95544260-DFC8-415E-9859-DAE045600E78}"
EndProject
Project("{FAE04EC0-301F-11D3-BF4B-00C04F79EFBC}") = "Microservice.CSharp.CommandApi", "src\command\Microservice.CSharp.CommandApi\Microservice.CSharp.CommandApi.csproj", "{86B9D6BB-8ABE-4CC8-9C78-C38F932A7EA0}"
EndProject
Project("{FAE04EC0-301F-11D3-BF4B-00C04F79EFBC}") = "Microservice.CSharp.CommandUnitTests", "tests\command\Microservice.CSharp.CommandUnitTests\Microservice.CSharp.CommandUnitTests.csproj", "{A034EAED-C6F2-43D3-BB37-1FF46B738474}"
EndProject
Project("{FAE04EC0-301F-11D3-BF4B-00C04F79EFBC}") = "Microservice.CSharp.QueryingUnitTests", "tests\query\Microservice.CSharp.QueryingUnitTests\Microservice.CSharp.QueryingUnitTests.csproj", "{6A0A87BE-BCBE-4F87-AD51-F0AC86617121}"
EndProject
Global
	GlobalSection(SolutionConfigurationPlatforms) = preSolution
		Debug|Any CPU = Debug|Any CPU
		Release|Any CPU = Release|Any CPU
	EndGlobalSection
	GlobalSection(ProjectConfigurationPlatforms) = postSolution
		{85F47839-9E00-463F-9343-319653E8A280}.Debug|Any CPU.ActiveCfg = Debug|Any CPU
		{85F47839-9E00-463F-9343-319653E8A280}.Debug|Any CPU.Build.0 = Debug|Any CPU
		{85F47839-9E00-463F-9343-319653E8A280}.Release|Any CPU.ActiveCfg = Release|Any CPU
		{85F47839-9E00-463F-9343-319653E8A280}.Release|Any CPU.Build.0 = Release|Any CPU
		{A60A449D-5669-46C0-BF1B-C25750B39907}.Debug|Any CPU.ActiveCfg = Debug|Any CPU
		{A60A449D-5669-46C0-BF1B-C25750B39907}.Debug|Any CPU.Build.0 = Debug|Any CPU
		{A60A449D-5669-46C0-BF1B-C25750B39907}.Release|Any CPU.ActiveCfg = Release|Any CPU
		{A60A449D-5669-46C0-BF1B-C25750B39907}.Release|Any CPU.Build.0 = Release|Any CPU
		{DE1D5648-9CAE-4106-8785-8C93BC2CA287}.Debug|Any CPU.ActiveCfg = Debug|Any CPU
		{DE1D5648-9CAE-4106-8785-8C93BC2CA287}.Debug|Any CPU.Build.0 = Debug|Any CPU
		{DE1D5648-9CAE-4106-8785-8C93BC2CA287}.Release|Any CPU.ActiveCfg = Release|Any CPU
		{DE1D5648-9CAE-4106-8785-8C93BC2CA287}.Release|Any CPU.Build.0 = Release|Any CPU
		{95544260-DFC8-415E-9859-DAE045600E78}.Debug|Any CPU.ActiveCfg = Debug|Any CPU
		{95544260-DFC8-415E-9859-DAE045600E78}.Debug|Any CPU.Build.0 = Debug|Any CPU
		{95544260-DFC8-415E-9859-DAE045600E78}.Release|Any CPU.ActiveCfg = Release|Any CPU
		{95544260-DFC8-415E-9859-DAE045600E78}.Release|Any CPU.Build.0 = Release|Any CPU
		{86B9D6BB-8ABE-4CC8-9C78-C38F932A7EA0}.Debug|Any CPU.ActiveCfg = Debug|Any CPU
		{86B9D6BB-8ABE-4CC8-9C78-C38F932A7EA0}.Debug|Any CPU.Build.0 = Debug|Any CPU
		{86B9D6BB-8ABE-4CC8-9C78-C38F932A7EA0}.Release|Any CPU.ActiveCfg = Release|Any CPU
		{86B9D6BB-8ABE-4CC8-9C78-C38F932A7EA0}.Release|Any CPU.Build.0 = Release|Any CPU
		{A034EAED-C6F2-43D3-BB37-1FF46B738474}.Debug|Any CPU.ActiveCfg = Debug|Any CPU
		{A034EAED-C6F2-43D3-BB37-1FF46B738474}.Debug|Any CPU.Build.0 = Debug|Any CPU
		{A034EAED-C6F2-43D3-BB37-1FF46B738474}.Release|Any CPU.ActiveCfg = Release|Any CPU
		{A034EAED-C6F2-43D3-BB37-1FF46B738474}.Release|Any CPU.Build.0 = Release|Any CPU
		{6A0A87BE-BCBE-4F87-AD51-F0AC86617121}.Debug|Any CPU.ActiveCfg = Debug|Any CPU
		{6A0A87BE-BCBE-4F87-AD51-F0AC86617121}.Debug|Any CPU.Build.0 = Debug|Any CPU
		{6A0A87BE-BCBE-4F87-AD51-F0AC86617121}.Release|Any CPU.ActiveCfg = Release|Any CPU
		{6A0A87BE-BCBE-4F87-AD51-F0AC86617121}.Release|Any CPU.Build.0 = Release|Any CPU
	EndGlobalSection
	GlobalSection(NestedProjects) = preSolution
		{E6E4783F-6ADF-45D5-8DD0-4347D7788AEB} = {9423752F-73C7-4F22-AF57-FD3DA9FAEE90}
		{DE095D96-6256-4419-8DE9-D054C4D1CBD0} = {9423752F-73C7-4F22-AF57-FD3DA9FAEE90}
		{2EAC2665-3E65-4FED-BB47-556882D4E929} = {FC6DE146-856A-4791-A4A2-AA3712D1C705}
		{B3CE9029-C3C4-4C33-B5DD-6443E11F3655} = {FC6DE146-856A-4791-A4A2-AA3712D1C705}
		{85F47839-9E00-463F-9343-319653E8A280} = {9423752F-73C7-4F22-AF57-FD3DA9FAEE90}
		{A60A449D-5669-46C0-BF1B-C25750B39907} = {DE095D96-6256-4419-8DE9-D054C4D1CBD0}
		{DE1D5648-9CAE-4106-8785-8C93BC2CA287} = {DE095D96-6256-4419-8DE9-D054C4D1CBD0}
		{95544260-DFC8-415E-9859-DAE045600E78} = {E6E4783F-6ADF-45D5-8DD0-4347D7788AEB}
		{86B9D6BB-8ABE-4CC8-9C78-C38F932A7EA0} = {E6E4783F-6ADF-45D5-8DD0-4347D7788AEB}
		{A034EAED-C6F2-43D3-BB37-1FF46B738474} = {2EAC2665-3E65-4FED-BB47-556882D4E929}
		{6A0A87BE-BCBE-4F87-AD51-F0AC86617121} = {B3CE9029-C3C4-4C33-B5DD-6443E11F3655}
	EndGlobalSection
EndGlobal
